# THIS IS AN AUTOGENERATED FILE. DO NOT EDIT THIS FILE DIRECTLY.
# yarn lockfile v1


angular2@2.0.0-beta.0:
  version "2.0.0-beta.0"
  resolved "https://registry.yarnpkg.com/angular2/-/angular2-2.0.0-beta.0.tgz#97413fabc1eaf1547a081ba3ad4c61732db54837"
  integrity sha1-l0E/q8Hq8VR6CBujrUxhcy21SDc=

es6-module-loader@^0.17.4:
  version "0.17.11"
  resolved "https://registry.yarnpkg.com/es6-module-loader/-/es6-module-loader-0.17.11.tgz#094f042e3b4d3086bcfd17380affabdfc99f35d7"
  integrity sha1-CU8ELjtNMIa8/Rc4Cv+r38mfNdc=
  dependencies:
    when "^3.7.2"

rxjs@5.0.0-beta.0:
  version "5.0.0-beta.0"
  resolved "https://registry.yarnpkg.com/rxjs/-/rxjs-5.0.0-beta.0.tgz#1945ac5aac66d338456c0c0a66a91d88ae81410f"
  integrity sha1-GUWsWqxm0zhFbAwKZqkdiK6BQQ8=

systemjs@0.19.6:
  version "0.19.6"
  resolved "https://registry.yarnpkg.com/systemjs/-/systemjs-0.19.6.tgz#64307481ed1dd6c07c1f1e2367af72c99e98e347"
  integrity sha1-ZDB0ge0d1sB8Hx4jZ69yyZ6Y40c=
  dependencies:
    es6-module-loader "^0.17.4"
    when "^3.7.2"

todomvc-app-css@^2.1.0:
  version "2.2.0"
  resolved "https://registry.yarnpkg.com/todomvc-app-css/-/todomvc-app-css-2.2.0.tgz#6f84b15d9d4e0cf186679489fb236050c822de11"
  integrity sha512-H03oc3QOxiGXv+MqnotcduZIwoGX8A8QbSx9J4U2Z5R96LrK+dvQmRDTgeCc0nlkPBhd3nUL4EbfS7l0TccM5g==

todomvc-common@^1.0.1:
  version "1.0.5"
  resolved "https://registry.yarnpkg.com/todomvc-common/-/todomvc-common-1.0.5.tgz#8c3e799ac9f1fc1573e0c204f984510826914730"
  integrity sha512-D8kEJmxVMQIWwztEdH+WeiAfXRbbSCpgXq4NkYi+gduJ2tr8CNq7sYLfJvjpQ10KD9QxJwig57rvMbV2QAESwQ==

typescript@1.7.5:
  version "1.7.5"
  resolved "https://registry.yarnpkg.com/typescript/-/typescript-1.7.5.tgz#a80fc231d9b95afeb9d10f0589560428dd0a045e"
  integrity sha1-qA/CMdm5Wv650Q8FiVYEKN0KBF4=

when@^3.7.2:
  version "3.7.8"
  resolved "https://registry.yarnpkg.com/when/-/when-3.7.8.tgz#c7130b6a7ea04693e842cdc9e7a1f2aa39a39f82"
  integrity sha1-xxMLan6gRpPoQs3J56Hyqjmjn4I=
